
Microsoft Visual Studio Solution File, Format Version 12.00
# Visual Studio Version 17
VisualStudioVersion = 17.8.34309.116
MinimumVisualStudioVersion = 10.0.40219.1
Project("{FAE04EC0-301F-11D3-BF4B-00C04F79EFBC}") = "Hoi4Engine", "Hoi4Engine\Hoi4Engine.csproj", "{5A03D61F-15A8-4AF1-A047-B0B38F926680}"
EndProject
Project("{FAE04EC0-301F-11D3-BF4B-00C04F79EFBC}") = "Hoi4EngineTests", "Hoi4EngineTests\Hoi4EngineTests.csproj", "{D8CD728B-8239-4734-B767-CB8AD4E46256}"
EndProject
Global
	GlobalSection(SolutionConfigurationPlatforms) = preSolution
		Debug|Any CPU = Debug|Any CPU
		Release|Any CPU = Release|Any CPU
	EndGlobalSection
	GlobalSection(ProjectConfigurationPlatforms) = postSolution
		{5A03D61F-15A8-4AF1-A047-B0B38F926680}.Debug|Any CPU.ActiveCfg = Debug|Any CPU
		{5A03D61F-15A8-4AF1-A047-B0B38F926680}.Debug|Any CPU.Build.0 = Debug|Any CPU
		{5A03D61F-15A8-4AF1-A047-B0B38F926680}.Release|Any CPU.ActiveCfg = Release|Any CPU
		{5A03D61F-15A8-4AF1-A047-B0B38F926680}.Release|Any CPU.Build.0 = Release|Any CPU
		{D8CD728B-8239-4734-B767-CB8AD4E46256}.Debug|Any CPU.ActiveCfg = Debug|Any CPU
		{D8CD728B-8239-4734-B767-CB8AD4E46256}.Debug|Any CPU.Build.0 = Debug|Any CPU
		{D8CD728B-8239-4734-B767-CB8AD4E46256}.Release|Any CPU.ActiveCfg = Release|Any CPU
		{D8CD728B-8239-4734-B767-CB8AD4E46256}.Release|Any CPU.Build.0 = Release|Any CPU
	EndGlobalSection
	GlobalSection(SolutionProperties) = preSolution
		HideSolutionNode = FALSE
	EndGlobalSection
	GlobalSection(ExtensibilityGlobals) = postSolution
		SolutionGuid = {40E5EDC0-D6D3-4274-B9BE-309087A3FA26}
	EndGlobalSection
EndGlobal
